// !$*UTF8*$!
{
	archiveVersion = 1;
	classes = {
	};
	objectVersion = 46;
	objects = {

/* Begin PBXBuildFile section */
		45F53B921B348C2A00D3F981 /* AppDelegate.swift in Sources */ = {isa = PBXBuildFile; fileRef = 45F53B911B348C2A00D3F981 /* AppDelegate.swift */; };
		45F53B941B348C2A00D3F981 /* ViewController.swift in Sources */ = {isa = PBXBuildFile; fileRef = 45F53B931B348C2A00D3F981 /* ViewController.swift */; };
		45F53B971B348C2A00D3F981 /* Main.storyboard in Resources */ = {isa = PBXBuildFile; fileRef = 45F53B951B348C2A00D3F981 /* Main.storyboard */; };
		45F53B991B348C2A00D3F981 /* Images.xcassets in Resources */ = {isa = PBXBuildFile; fileRef = 45F53B981B348C2A00D3F981 /* Images.xcassets */; };
		45F53B9C1B348C2A00D3F981 /* LaunchScreen.xib in Resources */ = {isa = PBXBuildFile; fileRef = 45F53B9A1B348C2A00D3F981 /* LaunchScreen.xib */; };
		45F53BA81B348C2A00D3F981 /* xyappTests.swift in Sources */ = {isa = PBXBuildFile; fileRef = 45F53BA71B348C2A00D3F981 /* xyappTests.swift */; };
/* End PBXBuildFile section */

/* Begin PBXContainerItemProxy section */
		45F53BA21B348C2A00D3F981 /* PBXContainerItemProxy */ = {
			isa = PBXContainerItemProxy;
			containerPortal = 45F53B841B348C2A00D3F981 /* Project object */;
			proxyType = 1;
			remoteGlobalIDString = 45F53B8B1B348C2A00D3F981;
			remoteInfo = xyapp;
		};
/* End PBXContainerItemProxy section */

/* Begin PBXFileReference section */
		45F53B8C1B348C2A00D3F981 /* xyapp.app */ = {isa = PBXFileReference; explicitFileType = wrapper.application; includeInIndex = 0; path = xyapp.app; sourceTree = BUILT_PRODUCTS_DIR; };
		45F53B901B348C2A00D3F981 /* Info.plist */ = {isa = PBXFileReference; lastKnownFileType = text.plist.xml; path = Info.plist; sourceTree = "<group>"; };
		45F53B911B348C2A00D3F981 /* AppDelegate.swift */ = {isa = PBXFileReference; lastKnownFileType = sourcecode.swift; path = AppDelegate.swift; sourceTree = "<group>"; };
		45F53B931B348C2A00D3F981 /* ViewController.swift */ = {isa = PBXFileReference; lastKnownFileType = sourcecode.swift; path = ViewController.swift; sourceTree = "<group>"; };
		45F53B961B348C2A00D3F981 /* Base */ = {isa = PBXFileReference; lastKnownFileType = file.storyboard; name = Base; path = Base.lproj/Main.storyboard; sourceTree = "<group>"; };
		45F53B981B348C2A00D3F981 /* Images.xcassets */ = {isa = PBXFileReference; lastKnownFileType = folder.assetcatalog; path = Images.xcassets; sourceTree = "<group>"; };
		45F53B9B1B348C2A00D3F981 /* Base */ = {isa = PBXFileReference; lastKnownFileType = file.xib; name = Base; path = Base.lproj/LaunchScreen.xib; sourceTree = "<group>"; };
		45F53BA11B348C2A00D3F981 /* xyappTests.xctest */ = {isa = PBXFileReference; explicitFileType = wrapper.cfbundle; includeInIndex = 0; path = xyappTests.xctest; sourceTree = BUILT_PRODUCTS_DIR; };
		45F53BA61B348C2A00D3F981 /* Info.plist */ = {isa = PBXFileReference; lastKnownFileType = text.plist.xml; path = Info.plist; sourceTree = "<group>"; };
		45F53BA71B348C2A00D3F981 /* xyappTests.swift */ = {isa = PBXFileReference; lastKnownFileType = sourcecode.swift; path = xyappTests.swift; sourceTree = "<group>"; };
/* End PBXFileReference section */

/* Begin PBXFrameworksBuildPhase section */
		45F53B891B348C2A00D3F981 /* Frameworks */ = {
			isa = PBXFrameworksBuildPhase;
			buildActionMask = 2147483647;
			files = (
			);
			runOnlyForDeploymentPostprocessing = 0;
		};
		45F53B9E1B348C2A00D3F981 /* Frameworks */ = {
			isa = PBXFrameworksBuildPhase;
			buildActionMask = 2147483647;
			files = (
			);
			runOnlyForDeploymentPostprocessing = 0;
		};
/* End PBXFrameworksBuildPhase section */

/* Begin PBXGroup section */
		45F53B831B348C2A00D3F981 = {
			isa = PBXGroup;
			children = (
				45F53B8E1B348C2A00D3F981 /* xyapp */,
				45F53BA41B348C2A00D3F981 /* xyappTests */,
				45F53B8D1B348C2A00D3F981 /* Products */,
			);
			sourceTree = "<group>";
		};
		45F53B8D1B348C2A00D3F981 /* Products */ = {
			isa = PBXGroup;
			children = (
				45F53B8C1B348C2A00D3F981 /* xyapp.app */,
				45F53BA11B348C2A00D3F981 /* xyappTests.xctest */,
			);
			name = Products;
			sourceTree = "<group>";
		};
		45F53B8E1B348C2A00D3F981 /* xyapp */ = {
			isa = PBXGroup;
			children = (
				45F53B911B348C2A00D3F981 /* AppDelegate.swift */,
				45F53B931B348C2A00D3F981 /* ViewController.swift */,
				45F53B951B348C2A00D3F981 /* Main.storyboard */,
				45F53B981B348C2A00D3F981 /* Images.xcassets */,
				45F53B9A1B348C2A00D3F981 /* LaunchScreen.xib */,
				45F53B8F1B348C2A00D3F981 /* Supporting Files */,
			);
			path = xyapp;
			sourceTree = "<group>";
		};
		45F53B8F1B348C2A00D3F981 /* Supporting Files */ = {
			isa = PBXGroup;
			children = (
				45F53B901B348C2A00D3F981 /* Info.plist */,
			);
			name = "Supporting Files";
			sourceTree = "<group>";
		};
		45F53BA41B348C2A00D3F981 /* xyappTests */ = {
			isa = PBXGroup;
			children = (
				45F53BA71B348C2A00D3F981 /* xyappTests.swift */,
				45F53BA51B348C2A00D3F981 /* Supporting Files */,
			);
			path = xyappTests;
			sourceTree = "<group>";
		};
		45F53BA51B348C2A00D3F981 /* Supporting Files */ = {
			isa = PBXGroup;
			children = (
				45F53BA61B348C2A00D3F981 /* Info.plist */,
			);
			name = "Supporting Files";
			sourceTree = "<group>";
		};
/* End PBXGroup section */

/* Begin PBXNativeTarget section */
		45F53B8B1B348C2A00D3F981 /* xyapp */ = {
			isa = PBXNativeTarget;
			buildConfigurationList = 45F53BAB1B348C2A00D3F981 /* Build configuration list for PBXNativeTarget "xyapp" */;
			buildPhases = (
				45F53B881B348C2A00D3F981 /* Sources */,
				45F53B891B348C2A00D3F981 /* Frameworks */,
				45F53B8A1B348C2A00D3F981 /* Resources */,
			);
			buildRules = (
			);
			dependencies = (
			);
			name = xyapp;
			productName = xyapp;
			productReference = 45F53B8C1B348C2A00D3F981 /* xyapp.app */;
			productType = "com.apple.product-type.application";
		};
		45F53BA01B348C2A00D3F981 /* xyappTests */ = {
			isa = PBXNativeTarget;
			buildConfigurationList = 45F53BAE1B348C2A00D3F981 /* Build configuration list for PBXNativeTarget "xyappTests" */;
			buildPhases = (
				45F53B9D1B348C2A00D3F981 /* Sources */,
				45F53B9E1B348C2A00D3F981 /* Frameworks */,
				45F53B9F1B348C2A00D3F981 /* Resources */,
			);
			buildRules = (
			);
			dependencies = (
				45F53BA31B348C2A00D3F981 /* PBXTargetDependency */,
			);
			name = xyappTests;
			productName = xyappTests;
			productReference = 45F53BA11B348C2A00D3F981 /* xyappTests.xctest */;
			productType = "com.apple.product-type.bundle.unit-test";
		};
/* End PBXNativeTarget section */

/* Begin PBXProject section */
		45F53B841B348C2A00D3F981 /* Project object */ = {
			isa = PBXProject;
			attributes = {
				LastUpgradeCheck = 0630;
				ORGANIZATIONNAME = hj;
				TargetAttributes = {
					45F53B8B1B348C2A00D3F981 = {
						CreatedOnToolsVersion = 6.3.2;
					};
					45F53BA01B348C2A00D3F981 = {
						CreatedOnToolsVersion = 6.3.2;
						TestTargetID = 45F53B8B1B348C2A00D3F981;
					};
				};
			};
			buildConfigurationList = 45F53B871B348C2A00D3F981 /* Build configuration list for PBXProject "xyapp" */;
			compatibilityVersion = "Xcode 3.2";
			developmentRegion = English;
			hasScannedForEncodings = 0;
			knownRegions = (
				en,
				Base,
			);
			mainGroup = 45F53B831B348C2A00D3F981;
			productRefGroup = 45F53B8D1B348C2A00D3F981 /* Products */;
			projectDirPath = "";
			projectRoot = "";
			targets = (
				45F53B8B1B348C2A00D3F981 /* xyapp */,
				45F53BA01B348C2A00D3F981 /* xyappTests */,
			);
		};
/* End PBXProject section */

/* Begin PBXResourcesBuildPhase section */
		45F53B8A1B348C2A00D3F981 /* Resources */ = {
			isa = PBXResourcesBuildPhase;
			buildActionMask = 2147483647;
			files = (
				45F53B971B348C2A00D3F981 /* Main.storyboard in Resources */,
				45F53B9C1B348C2A00D3F981 /* LaunchScreen.xib in Resources */,
				45F53B991B348C2A00D3F981 /* Images.xcassets in Resources */,
			);
			runOnlyForDeploymentPostprocessing = 0;
		};
		45F53B9F1B348C2A00D3F981 /* Resources */ = {
			isa = PBXResourcesBuildPhase;
			buildActionMask = 2147483647;
			files = (
			);
			runOnlyForDeploymentPostprocessing = 0;
		};
/* End PBXResourcesBuildPhase section */

/* Begin PBXSourcesBuildPhase section */
		45F53B881B348C2A00D3F981 /* Sources */ = {
			isa = PBXSourcesBuildPhase;
			buildActionMask = 2147483647;
			files = (
				45F53B941B348C2A00D3F981 /* ViewController.swift in Sources */,
				45F53B921B348C2A00D3F981 /* AppDelegate.swift in Sources */,
			);
			runOnlyForDeploymentPostprocessing = 0;
		};
		45F53B9D1B348C2A00D3F981 /* Sources */ = {
			isa = PBXSourcesBuildPhase;
			buildActionMask = 2147483647;
			files = (
				45F53BA81B348C2A00D3F981 /* xyappTests.swift in Sources */,
			);
			runOnlyForDeploymentPostprocessing = 0;
		};
/* End PBXSourcesBuildPhase section */

/* Begin PBXTargetDependency section */
		45F53BA31B348C2A00D3F981 /* PBXTargetDependency */ = {
			isa = PBXTargetDependency;
			target = 45F53B8B1B348C2A00D3F981 /* xyapp */;
			targetProxy = 45F53BA21B348C2A00D3F981 /* PBXContainerItemProxy */;
		};
/* End PBXTargetDependency section */

/* Begin PBXVariantGroup section */
		45F53B951B348C2A00D3F981 /* Main.storyboard */ = {
			isa = PBXVariantGroup;
			children = (
				45F53B961B348C2A00D3F981 /* Base */,
			);
			name = Main.storyboard;
			sourceTree = "<group>";
		};
		45F53B9A1B348C2A00D3F981 /* LaunchScreen.xib */ = {
			isa = PBXVariantGroup;
			children = (
				45F53B9B1B348C2A00D3F981 /* Base */,
			);
			name = LaunchScreen.xib;
			sourceTree = "<group>";
		};
/* End PBXVariantGroup section */

/* Begin XCBuildConfiguration section */
		45F53BA91B348C2A00D3F981 /* Debug */ = {
			isa = XCBuildConfiguration;
			buildSettings = {
				ALWAYS_SEARCH_USER_PATHS = NO;
				CLANG_CXX_LANGUAGE_STANDARD = "gnu++0x";
				CLANG_CXX_LIBRARY = "libc++";
				CLANG_ENABLE_MODULES = YES;
				CLANG_ENABLE_OBJC_ARC = YES;
				CLANG_WARN_BOOL_CONVERSION = YES;
				CLANG_WARN_CONSTANT_CONVERSION = YES;
				CLANG_WARN_DIRECT_OBJC_ISA_USAGE = YES_ERROR;
				CLANG_WARN_EMPTY_BODY = YES;
				CLANG_WARN_ENUM_CONVERSION = YES;
				CLANG_WARN_INT_CONVERSION = YES;
				CLANG_WARN_OBJC_ROOT_CLASS = YES_ERROR;
				CLANG_WARN_UNREACHABLE_CODE = YES;
				CLANG_WARN__DUPLICATE_METHOD_MATCH = YES;
				"CODE_SIGN_IDENTITY[sdk=iphoneos*]" = "iPhone Developer";
				COPY_PHASE_STRIP = NO;
				DEBUG_INFORMATION_FORMAT = "dwarf-with-dsym";
				ENABLE_STRICT_OBJC_MSGSEND = YES;
				GCC_C_LANGUAGE_STANDARD = gnu99;
				GCC_DYNAMIC_NO_PIC = NO;
				GCC_NO_COMMON_BLOCKS = YES;
				GCC_OPTIMIZATION_LEVEL = 0;
				GCC_PREPROCESSOR_DEFINITIONS = (
					"DEBUG=1",
					"$(inherited)",
				);
				GCC_SYMBOLS_PRIVATE_EXTERN = NO;
				GCC_WARN_64_TO_32_BIT_CONVERSION = YES;
				GCC_WARN_ABOUT_RETURN_TYPE = YES_ERROR;
				GCC_WARN_UNDECLARED_SELECTOR = YES;
				GCC_WARN_UNINITIALIZED_AUTOS = YES_AGGRESSIVE;
				GCC_WARN_UNUSED_FUNCTION = YES;
				GCC_WARN_UNUSED_VARIABLE = YES;
				IPHONEOS_DEPLOYMENT_TARGET = 8.3;
				MTL_ENABLE_DEBUG_INFO = YES;
				ONLY_ACTIVE_ARCH = YES;
				SDKROOT = iphoneos;
				SWIFT_OPTIMIZATION_LEVEL = "-Onone";
			};
			name = Debug;
		};
		45F53BAA1B348C2A00D3F981 /* Release */ = {
			isa = XCBuildConfiguration;
			buildSettings = {
				ALWAYS_SEARCH_USER_PATHS = NO;
				CLANG_CXX_LANGUAGE_STANDARD = "gnu++0x";
				CLANG_CXX_LIBRARY = "libc++";
				CLANG_ENABLE_MODULES = YES;
				CLANG_ENABLE_OBJC_ARC = YES;
				CLANG_WARN_BOOL_CONVERSION = YES;
				CLANG_WARN_CONSTANT_CONVERSION = YES;
				CLANG_WARN_DIRECT_OBJC_ISA_USAGE = YES_ERROR;
				CLANG_WARN_EMPTY_BODY = YES;
				CLANG_WARN_ENUM_CONVERSION = YES;
				CLANG_WARN_INT_CONVERSION = YES;
				CLANG_WARN_OBJC_ROOT_CLASS = YES_ERROR;
				CLANG_WARN_UNREACHABLE_CODE = YES;
				CLANG_WARN__DUPLICATE_METHOD_MATCH = YES;
				"CODE_SIGN_IDENTITY[sdk=iphoneos*]" = "iPhone Developer";
				COPY_PHASE_STRIP = NO;
				DEBUG_INFORMATION_FORMAT = "dwarf-with-dsym";
				ENABLE_NS_ASSERTIONS = NO;
				ENABLE_STRICT_OBJC_MSGSEND = YES;
				GCC_C_LANGUAGE_STANDARD = gnu99;
				GCC_NO_COMMON_BLOCKS = YES;
				GCC_WARN_64_TO_32_BIT_CONVERSION = YES;
				GCC_WARN_ABOUT_RETURN_TYPE = YES_ERROR;
				GCC_WARN_UNDECLARED_SELECTOR = YES;
				GCC_WARN_UNINITIALIZED_AUTOS = YES_AGGRESSIVE;
				GCC_WARN_UNUSED_FUNCTION = YES;
				GCC_WARN_UNUSED_VARIABLE = YES;
				IPHONEOS_DEPLOYMENT_TARGET = 8.3;
				MTL_ENABLE_DEBUG_INFO = NO;
				SDKROOT = iphoneos;
				VALIDATE_PRODUCT = YES;
			};
			name = Release;
		};
		45F53BAC1B348C2A00D3F981 /* Debug */ = {
			isa = XCBuildConfiguration;
			buildSettings = {
				ASSETCATALOG_COMPILER_APPICON_NAME = AppIcon;
				INFOPLIST_FILE = xyapp/Info.plist;
				LD_RUNPATH_SEARCH_PATHS = "$(inherited) @executable_path/Frameworks";
				PRODUCT_NAME = "$(TARGET_NAME)";
			};
			name = Debug;
		};
		45F53BAD1B348C2A00D3F981 /* Release */ = {
			isa = XCBuildConfiguration;
			buildSettings = {
				ASSETCATALOG_COMPILER_APPICON_NAME = AppIcon;
				INFOPLIST_FILE = xyapp/Info.plist;
				LD_RUNPATH_SEARCH_PATHS = "$(inherited) @executable_path/Frameworks";
				PRODUCT_NAME = "$(TARGET_NAME)";
			};
			name = Release;
		};
		45F53BAF1B348C2A00D3F981 /* Debug */ = {
			isa = XCBuildConfiguration;
			buildSettings = {
				BUNDLE_LOADER = "$(TEST_HOST)";
				FRAMEWORK_SEARCH_PATHS = (
					"$(SDKROOT)/Developer/Library/Frameworks",
					"$(inherited)",
				);
				GCC_PREPROCESSOR_DEFINITIONS = (
					"DEBUG=1",
					"$(inherited)",
				);
				INFOPLIST_FILE = xyappTests/Info.plist;
				LD_RUNPATH_SEARCH_PATHS = "$(inherited) @executable_path/Frameworks @loader_path/Frameworks";
				PRODUCT_NAME = "$(TARGET_NAME)";
				TEST_HOST = "$(BUILT_PRODUCTS_DIR)/xyapp.app/xyapp";
			};
			name = Debug;
		};
		45F53BB01B348C2A00D3F981 /* Release */ = {
			isa = XCBuildConfiguration;
			buildSettings = {
				BUNDLE_LOADER = "$(TEST_HOST)";
				FRAMEWORK_SEARCH_PATHS = (
					"$(SDKROOT)/Developer/Library/Frameworks",
					"$(inherited)",
				);
				INFOPLIST_FILE = xyappTests/Info.plist;
				LD_RUNPATH_SEARCH_PATHS = "$(inherited) @executable_path/Frameworks @loader_path/Frameworks";
				PRODUCT_NAME = "$(TARGET_NAME)";
				TEST_HOST = "$(BUILT_PRODUCTS_DIR)/xyapp.app/xyapp";
			};
			name = Release;
		};
/* End XCBuildConfiguration section */

/* Begin XCConfigurationList section */
		45F53B871B348C2A00D3F981 /* Build configuration list for PBXProject "xyapp" */ = {
			isa = XCConfigurationList;
			buildConfigurations = (
				45F53BA91B348C2A00D3F981 /* Debug */,
				45F53BAA1B348C2A00D3F981 /* Release */,
			);
			defaultConfigurationIsVisible = 0;
			defaultConfigurationName = Release;
		};
		45F53BAB1B348C2A00D3F981 /* Build configuration list for PBXNativeTarget "xyapp" */ = {
			isa = XCConfigurationList;
			buildConfigurations = (
				45F53BAC1B348C2A00D3F981 /* Debug */,
				45F53BAD1B348C2A00D3F981 /* Release */,
			);
			defaultConfigurationIsVisible = 0;
		};
		45F53BAE1B348C2A00D3F981 /* Build configuration list for PBXNativeTarget "xyappTests" */ = {
			isa = XCConfigurationList;
			buildConfigurations = (
				45F53BAF1B348C2A00D3F981 /* Debug */,
				45F53BB01B348C2A00D3F981 /* Release */,
			);
			defaultConfigurationIsVisible = 0;
		};
/* End XCConfigurationList section */
	};
	rootObject = 45F53B841B348C2A00D3F981 /* Project object */;
}
